
Microsoft Visual Studio Solution File, Format Version 12.00
# Visual Studio Version 16
VisualStudioVersion = 16.0.29020.237
MinimumVisualStudioVersion = 10.0.40219.1
Project("{2150E333-8FDC-42A3-9474-1A3956D46DE8}") = "src", "src", "{26555870-ADEF-4917-9762-02552C2F84AA}"
EndProject
Project("{2150E333-8FDC-42A3-9474-1A3956D46DE8}") = "test", "test", "{01F7A88D-F51E-42CA-AA1D-9BE961229041}"
EndProject
Project("{FAE04EC0-301F-11D3-BF4B-00C04F79EFBC}") = "SwiftHorse.TestKit.Core", "src\SwiftHorse.TestKit.Core\SwiftHorse.TestKit.Core.csproj", "{0B7EF199-0C88-48B4-97E5-EA5F3340C8CD}"
EndProject
Project("{FAE04EC0-301F-11D3-BF4B-00C04F79EFBC}") = "SwiftHorse.TestKit.WebApi", "src\SwiftHorse.TestKit.WebApi\SwiftHorse.TestKit.WebApi.csproj", "{A7A537BB-3102-4E6F-A22A-2AAFA2E36EDE}"
EndProject
Project("{FAE04EC0-301F-11D3-BF4B-00C04F79EFBC}") = "SwiftHorse.TestKit.Infrastructure", "src\SwiftHorse.TestKit.Infrastructure\SwiftHorse.TestKit.Infrastructure.csproj", "{2981E30C-0F04-4377-87C9-B06293A4240A}"
EndProject
Project("{FAE04EC0-301F-11D3-BF4B-00C04F79EFBC}") = "SwiftHorse.TestKit.Core.Test", "test\SwiftHorse.TestKit.Core.Test\SwiftHorse.TestKit.Core.Test.csproj", "{AEBAAEBA-58CA-4A74-AEF4-E43A007EF16F}"
EndProject
Global
	GlobalSection(SolutionConfigurationPlatforms) = preSolution
		Debug|Any CPU = Debug|Any CPU
		Release|Any CPU = Release|Any CPU
	EndGlobalSection
	GlobalSection(ProjectConfigurationPlatforms) = postSolution
		{0B7EF199-0C88-48B4-97E5-EA5F3340C8CD}.Debug|Any CPU.ActiveCfg = Debug|Any CPU
		{0B7EF199-0C88-48B4-97E5-EA5F3340C8CD}.Debug|Any CPU.Build.0 = Debug|Any CPU
		{0B7EF199-0C88-48B4-97E5-EA5F3340C8CD}.Release|Any CPU.ActiveCfg = Release|Any CPU
		{0B7EF199-0C88-48B4-97E5-EA5F3340C8CD}.Release|Any CPU.Build.0 = Release|Any CPU
		{A7A537BB-3102-4E6F-A22A-2AAFA2E36EDE}.Debug|Any CPU.ActiveCfg = Debug|Any CPU
		{A7A537BB-3102-4E6F-A22A-2AAFA2E36EDE}.Debug|Any CPU.Build.0 = Debug|Any CPU
		{A7A537BB-3102-4E6F-A22A-2AAFA2E36EDE}.Release|Any CPU.ActiveCfg = Release|Any CPU
		{A7A537BB-3102-4E6F-A22A-2AAFA2E36EDE}.Release|Any CPU.Build.0 = Release|Any CPU
		{2981E30C-0F04-4377-87C9-B06293A4240A}.Debug|Any CPU.ActiveCfg = Debug|Any CPU
		{2981E30C-0F04-4377-87C9-B06293A4240A}.Debug|Any CPU.Build.0 = Debug|Any CPU
		{2981E30C-0F04-4377-87C9-B06293A4240A}.Release|Any CPU.ActiveCfg = Release|Any CPU
		{2981E30C-0F04-4377-87C9-B06293A4240A}.Release|Any CPU.Build.0 = Release|Any CPU
		{AEBAAEBA-58CA-4A74-AEF4-E43A007EF16F}.Debug|Any CPU.ActiveCfg = Debug|Any CPU
		{AEBAAEBA-58CA-4A74-AEF4-E43A007EF16F}.Debug|Any CPU.Build.0 = Debug|Any CPU
		{AEBAAEBA-58CA-4A74-AEF4-E43A007EF16F}.Release|Any CPU.ActiveCfg = Release|Any CPU
		{AEBAAEBA-58CA-4A74-AEF4-E43A007EF16F}.Release|Any CPU.Build.0 = Release|Any CPU
	EndGlobalSection
	GlobalSection(SolutionProperties) = preSolution
		HideSolutionNode = FALSE
	EndGlobalSection
	GlobalSection(NestedProjects) = preSolution
		{0B7EF199-0C88-48B4-97E5-EA5F3340C8CD} = {26555870-ADEF-4917-9762-02552C2F84AA}
		{A7A537BB-3102-4E6F-A22A-2AAFA2E36EDE} = {26555870-ADEF-4917-9762-02552C2F84AA}
		{2981E30C-0F04-4377-87C9-B06293A4240A} = {26555870-ADEF-4917-9762-02552C2F84AA}
		{AEBAAEBA-58CA-4A74-AEF4-E43A007EF16F} = {01F7A88D-F51E-42CA-AA1D-9BE961229041}
	EndGlobalSection
	GlobalSection(ExtensibilityGlobals) = postSolution
		SolutionGuid = {F7EE3111-62F1-491E-8EBF-ADAB54747E5A}
	EndGlobalSection
EndGlobal
